
Microsoft Visual Studio Solution File, Format Version 12.00
# Visual Studio 2012
VisualStudioVersion = 12.0.31101.0
MinimumVisualStudioVersion = 10.0.40219.1
Project("{f2a71f9b-5d33-465a-a702-920d77279786}") = "tests", "tests\tests.fsproj", "{217493B6-04C6-4B12-919B-290305A93939}"
EndProject
Project("{2150E333-8FDC-42A3-9474-1A3956D46DE8}") = ".nuget", ".nuget", "{9D449B91-C43B-4103-8AA8-D13443E7D752}"
	ProjectSection(SolutionItems) = preProject
		.nuget\NuGet.Config = .nuget\NuGet.Config
		.nuget\NuGet.exe = .nuget\NuGet.exe
		.nuget\NuGet.targets = .nuget\NuGet.targets
	EndProjectSection
EndProject
Project("{f2a71f9b-5d33-465a-a702-920d77279786}") = "cli", "cli\cli.fsproj", "{86D43A0D-7B18-42C7-BA15-7E41000B1CF9}"
EndProject
Project("{FAE04EC0-301F-11D3-BF4B-00C04F79EFBC}") = "cli_cs", "cli_cs\cli_cs.csproj", "{EEC6D8E3-A687-4671-9AE4-0CEF5A8801A0}"
EndProject
Global
	GlobalSection(SolutionConfigurationPlatforms) = preSolution
		Debug|Any CPU = Debug|Any CPU
		Release|Any CPU = Release|Any CPU
	EndGlobalSection
	GlobalSection(ProjectConfigurationPlatforms) = postSolution
		{217493B6-04C6-4B12-919B-290305A93939}.Debug|Any CPU.ActiveCfg = Debug|Any CPU
		{217493B6-04C6-4B12-919B-290305A93939}.Debug|Any CPU.Build.0 = Debug|Any CPU
		{217493B6-04C6-4B12-919B-290305A93939}.Release|Any CPU.ActiveCfg = Release|Any CPU
		{217493B6-04C6-4B12-919B-290305A93939}.Release|Any CPU.Build.0 = Release|Any CPU
		{86D43A0D-7B18-42C7-BA15-7E41000B1CF9}.Debug|Any CPU.ActiveCfg = Debug|Any CPU
		{86D43A0D-7B18-42C7-BA15-7E41000B1CF9}.Debug|Any CPU.Build.0 = Debug|Any CPU
		{86D43A0D-7B18-42C7-BA15-7E41000B1CF9}.Release|Any CPU.ActiveCfg = Release|Any CPU
		{86D43A0D-7B18-42C7-BA15-7E41000B1CF9}.Release|Any CPU.Build.0 = Release|Any CPU
		{EEC6D8E3-A687-4671-9AE4-0CEF5A8801A0}.Debug|Any CPU.ActiveCfg = Debug|Any CPU
		{EEC6D8E3-A687-4671-9AE4-0CEF5A8801A0}.Debug|Any CPU.Build.0 = Debug|Any CPU
		{EEC6D8E3-A687-4671-9AE4-0CEF5A8801A0}.Release|Any CPU.ActiveCfg = Release|Any CPU
		{EEC6D8E3-A687-4671-9AE4-0CEF5A8801A0}.Release|Any CPU.Build.0 = Release|Any CPU
	EndGlobalSection
	GlobalSection(NestedProjects) = preSolution
	EndGlobalSection
	GlobalSection(SolutionProperties) = preSolution
		HideSolutionNode = FALSE
	EndGlobalSection
EndGlobal
